
Microsoft Visual Studio Solution File, Format Version 12.00
# Visual Studio Version 17
VisualStudioVersion = 17.1.32228.430
MinimumVisualStudioVersion = 10.0.40219.1
Project("{9A19103F-16F7-4668-BE54-9A1E7A4F7556}") = "SpotifyWebApplication", "SpotifyWebApplication\SpotifyWebApplication.csproj", "{46202645-4A13-4700-8750-123686C8486D}"
EndProject
Project("{2150E333-8FDC-42A3-9474-1A3956D46DE8}") = "Solution Items", "Solution Items", "{B0639EF2-790C-47AB-8B9D-CE72E2D788EA}"
	ProjectSection(SolutionItems) = preProject
		.editorconfig = .editorconfig
	EndProjectSection
EndProject
Global
	GlobalSection(SolutionConfigurationPlatforms) = preSolution
		Debug|Any CPU = Debug|Any CPU
		Release|Any CPU = Release|Any CPU
	EndGlobalSection
	GlobalSection(ProjectConfigurationPlatforms) = postSolution
		{46202645-4A13-4700-8750-123686C8486D}.Debug|Any CPU.ActiveCfg = Debug|Any CPU
		{46202645-4A13-4700-8750-123686C8486D}.Debug|Any CPU.Build.0 = Debug|Any CPU
		{46202645-4A13-4700-8750-123686C8486D}.Release|Any CPU.ActiveCfg = Release|Any CPU
		{46202645-4A13-4700-8750-123686C8486D}.Release|Any CPU.Build.0 = Release|Any CPU
	EndGlobalSection
	GlobalSection(SolutionProperties) = preSolution
		HideSolutionNode = FALSE
	EndGlobalSection
	GlobalSection(ExtensibilityGlobals) = postSolution
		SolutionGuid = {894A4F3C-6B8B-4BE0-BD4B-F757CFAA1908}
	EndGlobalSection
EndGlobal
